
Microsoft Visual Studio Solution File, Format Version 12.00
# Visual Studio Version 17
VisualStudioVersion = 17.8.34205.153
MinimumVisualStudioVersion = 10.0.40219.1
Project("{54A90642-561A-4BB1-A94E-469ADEE60C69}") = "undersoft.ssc.web.application.client", "src\undersoft.ssc.web.application.client\undersoft.ssc.web.application.client.esproj", "{D2716C13-49EC-4106-94F9-F99873594030}"
EndProject
Project("{9A19103F-16F7-4668-BE54-9A1E7A4F7556}") = "Undersoft.SSC.Web.Application.Server", "src\Undersoft.SSC.Web.Application.Server\Undersoft.SSC.Web.Application.Server.csproj", "{D42DECE1-70F0-4ACB-8665-127DD73ED23A}"
EndProject
Project("{9A19103F-16F7-4668-BE54-9A1E7A4F7556}") = "Undersoft.SSC.Web.Microservices.Account.Service", "src\Undersoft.SSC.Web.Microservices.Account.Service\Undersoft.SSC.Web.Microservices.Account.Service.csproj", "{2836D0E9-5360-4867-B9C3-CD826067FE53}"
EndProject
Project("{9A19103F-16F7-4668-BE54-9A1E7A4F7556}") = "Undersoft.SSC.Web.Microservices.Activity.Service", "src\Undersoft.SSC.Web.Microservices.Activity.Service\Undersoft.SSC.Web.Microservices.Activity.Service.csproj", "{6E71F393-2801-4152-88C5-DA568909C379}"
EndProject
Project("{9A19103F-16F7-4668-BE54-9A1E7A4F7556}") = "Undersoft.SSC.Web.Microservices.Resource.Service", "src\Undersoft.SSC.Web.Microservices.Resource.Service\Undersoft.SSC.Web.Microservices.Resource.Service.csproj", "{C82C6FEA-483F-4753-8DC8-6B5874700649}"
EndProject
Project("{9A19103F-16F7-4668-BE54-9A1E7A4F7556}") = "Undersoft.SSC.Web.Microservices.Schedule.Service", "src\Undersoft.SSC.Web.Microservices.Schedule.Service\Undersoft.SSC.Web.Microservices.Schedule.Service.csproj", "{C9DACC0B-F912-49D1-A3A5-5501CA0CC568}"
EndProject
Global
	GlobalSection(SolutionConfigurationPlatforms) = preSolution
		Debug|Any CPU = Debug|Any CPU
		Release|Any CPU = Release|Any CPU
	EndGlobalSection
	GlobalSection(ProjectConfigurationPlatforms) = postSolution
		{D2716C13-49EC-4106-94F9-F99873594030}.Debug|Any CPU.ActiveCfg = Debug|Any CPU
		{D2716C13-49EC-4106-94F9-F99873594030}.Debug|Any CPU.Build.0 = Debug|Any CPU
		{D2716C13-49EC-4106-94F9-F99873594030}.Debug|Any CPU.Deploy.0 = Debug|Any CPU
		{D2716C13-49EC-4106-94F9-F99873594030}.Release|Any CPU.ActiveCfg = Release|Any CPU
		{D2716C13-49EC-4106-94F9-F99873594030}.Release|Any CPU.Build.0 = Release|Any CPU
		{D2716C13-49EC-4106-94F9-F99873594030}.Release|Any CPU.Deploy.0 = Release|Any CPU
		{D42DECE1-70F0-4ACB-8665-127DD73ED23A}.Debug|Any CPU.ActiveCfg = Debug|Any CPU
		{D42DECE1-70F0-4ACB-8665-127DD73ED23A}.Debug|Any CPU.Build.0 = Debug|Any CPU
		{D42DECE1-70F0-4ACB-8665-127DD73ED23A}.Release|Any CPU.ActiveCfg = Release|Any CPU
		{D42DECE1-70F0-4ACB-8665-127DD73ED23A}.Release|Any CPU.Build.0 = Release|Any CPU
		{2836D0E9-5360-4867-B9C3-CD826067FE53}.Debug|Any CPU.ActiveCfg = Debug|Any CPU
		{2836D0E9-5360-4867-B9C3-CD826067FE53}.Debug|Any CPU.Build.0 = Debug|Any CPU
		{2836D0E9-5360-4867-B9C3-CD826067FE53}.Release|Any CPU.ActiveCfg = Release|Any CPU
		{2836D0E9-5360-4867-B9C3-CD826067FE53}.Release|Any CPU.Build.0 = Release|Any CPU
		{6E71F393-2801-4152-88C5-DA568909C379}.Debug|Any CPU.ActiveCfg = Debug|Any CPU
		{6E71F393-2801-4152-88C5-DA568909C379}.Debug|Any CPU.Build.0 = Debug|Any CPU
		{6E71F393-2801-4152-88C5-DA568909C379}.Release|Any CPU.ActiveCfg = Release|Any CPU
		{6E71F393-2801-4152-88C5-DA568909C379}.Release|Any CPU.Build.0 = Release|Any CPU
		{C82C6FEA-483F-4753-8DC8-6B5874700649}.Debug|Any CPU.ActiveCfg = Debug|Any CPU
		{C82C6FEA-483F-4753-8DC8-6B5874700649}.Debug|Any CPU.Build.0 = Debug|Any CPU
		{C82C6FEA-483F-4753-8DC8-6B5874700649}.Release|Any CPU.ActiveCfg = Release|Any CPU
		{C82C6FEA-483F-4753-8DC8-6B5874700649}.Release|Any CPU.Build.0 = Release|Any CPU
		{C9DACC0B-F912-49D1-A3A5-5501CA0CC568}.Debug|Any CPU.ActiveCfg = Debug|Any CPU
		{C9DACC0B-F912-49D1-A3A5-5501CA0CC568}.Debug|Any CPU.Build.0 = Debug|Any CPU
		{C9DACC0B-F912-49D1-A3A5-5501CA0CC568}.Release|Any CPU.ActiveCfg = Release|Any CPU
		{C9DACC0B-F912-49D1-A3A5-5501CA0CC568}.Release|Any CPU.Build.0 = Release|Any CPU
	EndGlobalSection
	GlobalSection(SolutionProperties) = preSolution
		HideSolutionNode = FALSE
	EndGlobalSection
	GlobalSection(ExtensibilityGlobals) = postSolution
		SolutionGuid = {A7D19D3B-D9BC-45A7-98C6-4693A8C29EDA}
	EndGlobalSection
EndGlobal
